
Microsoft Visual Studio Solution File, Format Version 12.00
# Visual Studio Version 16
VisualStudioVersion = 16.0.31025.194
MinimumVisualStudioVersion = 10.0.40219.1
Project("{8BC9CEB8-8B4A-11D0-8D11-00A0C91BC942}") = "Lab_2_5", "Lab_2_5\Lab_2_5.vcxproj", "{E8E9B144-796F-4C20-B9AB-85E80DCC7060}"
EndProject
Project("{8BC9CEB8-8B4A-11D0-8D11-00A0C91BC942}") = "Lab_test_2_5", "Lab_test_2_5\Lab_test_2_5.vcxproj", "{9A1661F8-43CA-4249-8F9B-9B1CBDFED8B5}"
EndProject
Global
	GlobalSection(SolutionConfigurationPlatforms) = preSolution
		Debug|x64 = Debug|x64
		Debug|x86 = Debug|x86
		Release|x64 = Release|x64
		Release|x86 = Release|x86
	EndGlobalSection
	GlobalSection(ProjectConfigurationPlatforms) = postSolution
		{E8E9B144-796F-4C20-B9AB-85E80DCC7060}.Debug|x64.ActiveCfg = Debug|x64
		{E8E9B144-796F-4C20-B9AB-85E80DCC7060}.Debug|x64.Build.0 = Debug|x64
		{E8E9B144-796F-4C20-B9AB-85E80DCC7060}.Debug|x86.ActiveCfg = Debug|Win32
		{E8E9B144-796F-4C20-B9AB-85E80DCC7060}.Debug|x86.Build.0 = Debug|Win32
		{E8E9B144-796F-4C20-B9AB-85E80DCC7060}.Release|x64.ActiveCfg = Release|x64
		{E8E9B144-796F-4C20-B9AB-85E80DCC7060}.Release|x64.Build.0 = Release|x64
		{E8E9B144-796F-4C20-B9AB-85E80DCC7060}.Release|x86.ActiveCfg = Release|Win32
		{E8E9B144-796F-4C20-B9AB-85E80DCC7060}.Release|x86.Build.0 = Release|Win32
		{9A1661F8-43CA-4249-8F9B-9B1CBDFED8B5}.Debug|x64.ActiveCfg = Debug|x64
		{9A1661F8-43CA-4249-8F9B-9B1CBDFED8B5}.Debug|x64.Build.0 = Debug|x64
		{9A1661F8-43CA-4249-8F9B-9B1CBDFED8B5}.Debug|x86.ActiveCfg = Debug|Win32
		{9A1661F8-43CA-4249-8F9B-9B1CBDFED8B5}.Debug|x86.Build.0 = Debug|Win32
		{9A1661F8-43CA-4249-8F9B-9B1CBDFED8B5}.Release|x64.ActiveCfg = Release|x64
		{9A1661F8-43CA-4249-8F9B-9B1CBDFED8B5}.Release|x64.Build.0 = Release|x64
		{9A1661F8-43CA-4249-8F9B-9B1CBDFED8B5}.Release|x86.ActiveCfg = Release|Win32
		{9A1661F8-43CA-4249-8F9B-9B1CBDFED8B5}.Release|x86.Build.0 = Release|Win32
	EndGlobalSection
	GlobalSection(SolutionProperties) = preSolution
		HideSolutionNode = FALSE
	EndGlobalSection
	GlobalSection(ExtensibilityGlobals) = postSolution
		SolutionGuid = {A076AE31-93E5-4CD8-913B-C37E3C09304D}
	EndGlobalSection
EndGlobal
